{
  "name": "@squzy/vanilla",
  "version": "0.0.1-alpha.0",
  "lockfileVersion": 1,
  "requires": true,
  "dependencies": {
    "lodash-es": {
      "version": "4.17.15",
      "resolved": "https://registry.npmjs.org/lodash-es/-/lodash-es-4.17.15.tgz",
      "integrity": "sha512-rlrc3yU3+JNOpZ9zj5pQtxnx2THmvRykwL4Xlxoa8I9lHBlVbbyPhgyPMioxVZ4NqyxaVVtaJnzsyOidQIhyyQ=="
    },
    "uri-parse-lib": {
      "version": "2.3.0",
      "resolved": "https://registry.npmjs.org/uri-parse-lib/-/uri-parse-lib-2.3.0.tgz",
      "integrity": "sha512-0SovrTyFgfKnxfoOgQACkGjm6cUcBHQgPCAKVhfzyHfcsKUKmsO2J8WcP2pJ93pU+i2RLlb8vBU0QjGHz9NpuA==",
      "requires": {
        "lodash-es": "^4.17.15"
      }
    }
  }
}
